
Microsoft Visual Studio Solution File, Format Version 12.00
# Visual Studio Version 16
VisualStudioVersion = 16.0.31624.102
MinimumVisualStudioVersion = 10.0.40219.1
Project("{FAE04EC0-301F-11D3-BF4B-00C04F79EFBC}") = "ConsoleApp3", "ConsoleApp3\ConsoleApp3.csproj", "{95AC9111-69FB-47C5-82D9-A129DF794E78}"
EndProject
Global
	GlobalSection(SolutionConfigurationPlatforms) = preSolution
		Debug|Any CPU = Debug|Any CPU
		Release|Any CPU = Release|Any CPU
	EndGlobalSection
	GlobalSection(ProjectConfigurationPlatforms) = postSolution
		{95AC9111-69FB-47C5-82D9-A129DF794E78}.Debug|Any CPU.ActiveCfg = Debug|Any CPU
		{95AC9111-69FB-47C5-82D9-A129DF794E78}.Debug|Any CPU.Build.0 = Debug|Any CPU
		{95AC9111-69FB-47C5-82D9-A129DF794E78}.Release|Any CPU.ActiveCfg = Release|Any CPU
		{95AC9111-69FB-47C5-82D9-A129DF794E78}.Release|Any CPU.Build.0 = Release|Any CPU
	EndGlobalSection
	GlobalSection(SolutionProperties) = preSolution
		HideSolutionNode = FALSE
	EndGlobalSection
	GlobalSection(ExtensibilityGlobals) = postSolution
		SolutionGuid = {0A4BE9FB-A129-465E-89BB-4AC3F4F7D781}
	EndGlobalSection
EndGlobal
